
Microsoft Visual Studio Solution File, Format Version 12.00
# Visual Studio Version 17
VisualStudioVersion = 17.0.32112.339
MinimumVisualStudioVersion = 10.0.40219.1
Project("{FAE04EC0-301F-11D3-BF4B-00C04F79EFBC}") = "abandoned_house", "abandoned_house\abandoned_house.csproj", "{B56654D6-55D8-4B0C-BA81-3B78D370DC48}"
EndProject
Global
	GlobalSection(SolutionConfigurationPlatforms) = preSolution
		Debug|Any CPU = Debug|Any CPU
		Release|Any CPU = Release|Any CPU
	EndGlobalSection
	GlobalSection(ProjectConfigurationPlatforms) = postSolution
		{B56654D6-55D8-4B0C-BA81-3B78D370DC48}.Debug|Any CPU.ActiveCfg = Debug|Any CPU
		{B56654D6-55D8-4B0C-BA81-3B78D370DC48}.Debug|Any CPU.Build.0 = Debug|Any CPU
		{B56654D6-55D8-4B0C-BA81-3B78D370DC48}.Release|Any CPU.ActiveCfg = Release|Any CPU
		{B56654D6-55D8-4B0C-BA81-3B78D370DC48}.Release|Any CPU.Build.0 = Release|Any CPU
	EndGlobalSection
	GlobalSection(SolutionProperties) = preSolution
		HideSolutionNode = FALSE
	EndGlobalSection
	GlobalSection(ExtensibilityGlobals) = postSolution
		SolutionGuid = {7412D40F-8B29-4463-B7E5-7ABA4032790B}
	EndGlobalSection
EndGlobal
